
Microsoft Visual Studio Solution File, Format Version 12.00
# Visual Studio Version 16
VisualStudioVersion = 16.0.30011.22
MinimumVisualStudioVersion = 10.0.40219.1
Project("{FAE04EC0-301F-11D3-BF4B-00C04F79EFBC}") = "ErsteWPFAnwendung", "ErsteWPFAnwendung\ErsteWPFAnwendung.csproj", "{8FE4BD11-5651-455A-BC6B-E335A4EBE7AA}"
EndProject
Project("{FAE04EC0-301F-11D3-BF4B-00C04F79EFBC}") = "ErstesWPFProjekt", "ErstesWPFProjekt\ErstesWPFProjekt.csproj", "{C794C934-36E9-4805-9B42-5E28ED2F10A3}"
EndProject
Project("{FAE04EC0-301F-11D3-BF4B-00C04F79EFBC}") = "WPF-Layout", "WPF-Layout\WPF-Layout.csproj", "{5BC78E92-AAFF-4067-A94D-3110736B12D1}"
EndProject
Project("{2150E333-8FDC-42A3-9474-1A3956D46DE8}") = "Übungen", "Übungen", "{CE1263F7-B6C8-4CE9-BA2B-A8BE13E52AFE}"
EndProject
Project("{FAE04EC0-301F-11D3-BF4B-00C04F79EFBC}") = "WPF-Rechner", "WPF-Rechner\WPF-Rechner.csproj", "{77E21C08-AC54-4E86-8125-7DD542C24FA8}"
EndProject
Project("{FAE04EC0-301F-11D3-BF4B-00C04F79EFBC}") = "WPF-Controls", "WPF-Controls\WPF-Controls.csproj", "{A52433CC-D4F6-422D-912E-853233057E76}"
EndProject
Project("{FAE04EC0-301F-11D3-BF4B-00C04F79EFBC}") = "Mitarbeiter-Erfassen", "Mitarbeiter-Erfassen\Mitarbeiter-Erfassen.csproj", "{FFBBEB08-A220-4A1E-9C4E-767F4D0A8BB0}"
EndProject
Global
	GlobalSection(SolutionConfigurationPlatforms) = preSolution
		Debug|Any CPU = Debug|Any CPU
		Release|Any CPU = Release|Any CPU
	EndGlobalSection
	GlobalSection(ProjectConfigurationPlatforms) = postSolution
		{8FE4BD11-5651-455A-BC6B-E335A4EBE7AA}.Debug|Any CPU.ActiveCfg = Debug|Any CPU
		{8FE4BD11-5651-455A-BC6B-E335A4EBE7AA}.Debug|Any CPU.Build.0 = Debug|Any CPU
		{8FE4BD11-5651-455A-BC6B-E335A4EBE7AA}.Release|Any CPU.ActiveCfg = Release|Any CPU
		{8FE4BD11-5651-455A-BC6B-E335A4EBE7AA}.Release|Any CPU.Build.0 = Release|Any CPU
		{C794C934-36E9-4805-9B42-5E28ED2F10A3}.Debug|Any CPU.ActiveCfg = Debug|Any CPU
		{C794C934-36E9-4805-9B42-5E28ED2F10A3}.Debug|Any CPU.Build.0 = Debug|Any CPU
		{C794C934-36E9-4805-9B42-5E28ED2F10A3}.Release|Any CPU.ActiveCfg = Release|Any CPU
		{C794C934-36E9-4805-9B42-5E28ED2F10A3}.Release|Any CPU.Build.0 = Release|Any CPU
		{5BC78E92-AAFF-4067-A94D-3110736B12D1}.Debug|Any CPU.ActiveCfg = Debug|Any CPU
		{5BC78E92-AAFF-4067-A94D-3110736B12D1}.Debug|Any CPU.Build.0 = Debug|Any CPU
		{5BC78E92-AAFF-4067-A94D-3110736B12D1}.Release|Any CPU.ActiveCfg = Release|Any CPU
		{5BC78E92-AAFF-4067-A94D-3110736B12D1}.Release|Any CPU.Build.0 = Release|Any CPU
		{77E21C08-AC54-4E86-8125-7DD542C24FA8}.Debug|Any CPU.ActiveCfg = Debug|Any CPU
		{77E21C08-AC54-4E86-8125-7DD542C24FA8}.Debug|Any CPU.Build.0 = Debug|Any CPU
		{77E21C08-AC54-4E86-8125-7DD542C24FA8}.Release|Any CPU.ActiveCfg = Release|Any CPU
		{77E21C08-AC54-4E86-8125-7DD542C24FA8}.Release|Any CPU.Build.0 = Release|Any CPU
		{A52433CC-D4F6-422D-912E-853233057E76}.Debug|Any CPU.ActiveCfg = Debug|Any CPU
		{A52433CC-D4F6-422D-912E-853233057E76}.Debug|Any CPU.Build.0 = Debug|Any CPU
		{A52433CC-D4F6-422D-912E-853233057E76}.Release|Any CPU.ActiveCfg = Release|Any CPU
		{A52433CC-D4F6-422D-912E-853233057E76}.Release|Any CPU.Build.0 = Release|Any CPU
		{FFBBEB08-A220-4A1E-9C4E-767F4D0A8BB0}.Debug|Any CPU.ActiveCfg = Debug|Any CPU
		{FFBBEB08-A220-4A1E-9C4E-767F4D0A8BB0}.Debug|Any CPU.Build.0 = Debug|Any CPU
		{FFBBEB08-A220-4A1E-9C4E-767F4D0A8BB0}.Release|Any CPU.ActiveCfg = Release|Any CPU
		{FFBBEB08-A220-4A1E-9C4E-767F4D0A8BB0}.Release|Any CPU.Build.0 = Release|Any CPU
	EndGlobalSection
	GlobalSection(SolutionProperties) = preSolution
		HideSolutionNode = FALSE
	EndGlobalSection
	GlobalSection(NestedProjects) = preSolution
		{77E21C08-AC54-4E86-8125-7DD542C24FA8} = {CE1263F7-B6C8-4CE9-BA2B-A8BE13E52AFE}
		{FFBBEB08-A220-4A1E-9C4E-767F4D0A8BB0} = {CE1263F7-B6C8-4CE9-BA2B-A8BE13E52AFE}
	EndGlobalSection
	GlobalSection(ExtensibilityGlobals) = postSolution
		SolutionGuid = {27B55F4F-2BD3-4585-BCA8-92FD8AE7980C}
	EndGlobalSection
EndGlobal
